
Microsoft Visual Studio Solution File, Format Version 12.00
# Visual Studio Version 17
VisualStudioVersion = 17.14.36908.2 d17.14
MinimumVisualStudioVersion = 10.0.40219.1
Project("{FAE04EC0-301F-11D3-BF4B-00C04F79EFBC}") = "MpesaPaymentApi", "MpesaPaymentApi.csproj", "{FFD36DD3-FF97-402C-9AAC-2D46F3856008}"
EndProject
Global
	GlobalSection(SolutionConfigurationPlatforms) = preSolution
		Debug|Any CPU = Debug|Any CPU
		Release|Any CPU = Release|Any CPU
	EndGlobalSection
	GlobalSection(ProjectConfigurationPlatforms) = postSolution
		{FFD36DD3-FF97-402C-9AAC-2D46F3856008}.Debug|Any CPU.ActiveCfg = Debug|Any CPU
		{FFD36DD3-FF97-402C-9AAC-2D46F3856008}.Debug|Any CPU.Build.0 = Debug|Any CPU
		{FFD36DD3-FF97-402C-9AAC-2D46F3856008}.Release|Any CPU.ActiveCfg = Release|Any CPU
		{FFD36DD3-FF97-402C-9AAC-2D46F3856008}.Release|Any CPU.Build.0 = Release|Any CPU
	EndGlobalSection
	GlobalSection(SolutionProperties) = preSolution
		HideSolutionNode = FALSE
	EndGlobalSection
	GlobalSection(ExtensibilityGlobals) = postSolution
		SolutionGuid = {31AEDAB7-1B5B-4C8D-86EA-FF0F187A8A86}
	EndGlobalSection
EndGlobal
